{
  "requires": true,
  "lockfileVersion": 1,
  "dependencies": {
    "react-use-downloader": {
      "version": "1.2.2",
      "resolved": "https://registry.npmjs.org/react-use-downloader/-/react-use-downloader-1.2.2.tgz",
      "integrity": "sha512-JPvUXXVCPg8WG8xMLkRGXLzlAI08krv7TrtuM6t/tMLdqFE5528ULPH9TSDFDf5sfXNMrdNaiS5YTq0nB7NERg=="
    }
  }
}
